
Microsoft Visual Studio Solution File, Format Version 12.00
# Visual Studio 15
VisualStudioVersion = 15.0.27004.2005
MinimumVisualStudioVersion = 10.0.40219.1
Project("{FAE04EC0-301F-11D3-BF4B-00C04F79EFBC}") = "ExcelTools", "ExcelTools\ExcelTools.csproj", "{57BE8583-E6B7-442D-AE89-CD55AC78836B}"
EndProject
Global
	GlobalSection(SolutionConfigurationPlatforms) = preSolution
		Debug|Any CPU = Debug|Any CPU
		Release|Any CPU = Release|Any CPU
	EndGlobalSection
	GlobalSection(ProjectConfigurationPlatforms) = postSolution
		{57BE8583-E6B7-442D-AE89-CD55AC78836B}.Debug|Any CPU.ActiveCfg = Debug|Any CPU
		{57BE8583-E6B7-442D-AE89-CD55AC78836B}.Debug|Any CPU.Build.0 = Debug|Any CPU
		{57BE8583-E6B7-442D-AE89-CD55AC78836B}.Release|Any CPU.ActiveCfg = Release|Any CPU
		{57BE8583-E6B7-442D-AE89-CD55AC78836B}.Release|Any CPU.Build.0 = Release|Any CPU
	EndGlobalSection
	GlobalSection(SolutionProperties) = preSolution
		HideSolutionNode = FALSE
	EndGlobalSection
	GlobalSection(ExtensibilityGlobals) = postSolution
		SolutionGuid = {95A586A3-BF6D-4F91-991F-1921102B9918}
	EndGlobalSection
EndGlobal
